git https://github.com/ziglibs/ansi-term.git c0f0ee3dd34130b55e5cca6b736816f85db34068 src/main.zig c0f0ee3dd34130b55e5cca6b736816f85db34068
git https://github.com/mattnite/glob.git 7d17d5515d4151eb4487cb6d460a66b1330e902e src/main.zig 7d17d5515d4151eb4487cb6d460a66b1330e902e
git https://github.com/leecannon/zig-libgit2.git ff363b86952ca8d4f42524805ce9ef5819755c6b src/git.zig ff363b86952ca8d4f42524805ce9ef5819755c6b
